
Microsoft Visual Studio Solution File, Format Version 12.00
# Visual Studio 15
VisualStudioVersion = 15.0.28010.2050
MinimumVisualStudioVersion = 10.0.40219.1
Project("{FAE04EC0-301F-11D3-BF4B-00C04F79EFBC}") = "Test", "Test\Test.csproj", "{3C1F622B-9135-4842-A1F0-04EDAF19C9B0}"
EndProject
Project("{FAE04EC0-301F-11D3-BF4B-00C04F79EFBC}") = "SessionRedis", "SessionRedis\SessionRedis.csproj", "{D2F78AE2-3125-44B8-8629-EC3C5BC6C46B}"
EndProject
Global
	GlobalSection(SolutionConfigurationPlatforms) = preSolution
		Debug|Any CPU = Debug|Any CPU
		Release|Any CPU = Release|Any CPU
	EndGlobalSection
	GlobalSection(ProjectConfigurationPlatforms) = postSolution
		{3C1F622B-9135-4842-A1F0-04EDAF19C9B0}.Debug|Any CPU.ActiveCfg = Debug|Any CPU
		{3C1F622B-9135-4842-A1F0-04EDAF19C9B0}.Debug|Any CPU.Build.0 = Debug|Any CPU
		{3C1F622B-9135-4842-A1F0-04EDAF19C9B0}.Release|Any CPU.ActiveCfg = Release|Any CPU
		{3C1F622B-9135-4842-A1F0-04EDAF19C9B0}.Release|Any CPU.Build.0 = Release|Any CPU
		{D2F78AE2-3125-44B8-8629-EC3C5BC6C46B}.Debug|Any CPU.ActiveCfg = Debug|Any CPU
		{D2F78AE2-3125-44B8-8629-EC3C5BC6C46B}.Debug|Any CPU.Build.0 = Debug|Any CPU
		{D2F78AE2-3125-44B8-8629-EC3C5BC6C46B}.Release|Any CPU.ActiveCfg = Release|Any CPU
		{D2F78AE2-3125-44B8-8629-EC3C5BC6C46B}.Release|Any CPU.Build.0 = Release|Any CPU
	EndGlobalSection
	GlobalSection(SolutionProperties) = preSolution
		HideSolutionNode = FALSE
	EndGlobalSection
	GlobalSection(ExtensibilityGlobals) = postSolution
		SolutionGuid = {7527A168-1D43-4C4C-BB56-41775B77A972}
	EndGlobalSection
EndGlobal
